{
  "object": {
    "pins": [
      {
        "package": "Kevin",
        "repositoryURL": "https://github.com/getkevin/kevin-ios",
        "state": {
          "branch": null,
          "revision": "b61ba5a26bf99271bbb50df46194782f511b110c",
          "version": "1.4.3"
        }
      }
    ]
  },
  "version": 1
}
