{
  "object": {
    "pins": [
      {
        "package": "Kevin",
        "repositoryURL": "https://github.com/getkevin/kevin-ios",
        "state": {
          "branch": null,
          "revision": "6a6bcd0f72b10266000989466f2e8fb8bfde1049",
          "version": "1.6.1"
        }
      }
    ]
  },
  "version": 1
}
